# Generated by pub
# See https://dart.dev/tools/pub/glossary#lockfile
packages:
  _fe_analyzer_shared:
    dependency: transitive
    description:
      name: _fe_analyzer_shared
      url: "https://pub.dartlang.org"
    source: hosted
    version: "22.0.0"
  analyzer:
    dependency: transitive
    description:
      name: analyzer
      url: "https://pub.dartlang.org"
    source: hosted
    version: "1.7.1"
  android_alarm_manager:
    dependency: "direct main"
    description:
      name: android_alarm_manager
      url: "https://pub.dartlang.org"
    source: hosted
    version: "2.0.0"
  another_flushbar:
    dependency: "direct main"
    description:
      name: another_flushbar
      url: "https://pub.dartlang.org"
    source: hosted
    version: "1.10.20"
  args:
    dependency: "direct overridden"
    description:
      name: args
      url: "https://pub.dartlang.org"
    source: hosted
    version: "2.1.1"
  asn1lib:
    dependency: transitive
    description:
      name: asn1lib
      url: "https://pub.dartlang.org"
    source: hosted
    version: "1.0.0"
  async:
    dependency: transitive
    description:
      name: async
      url: "https://pub.dartlang.org"
    source: hosted
    version: "2.6.1"
  auto_size_text:
    dependency: "direct main"
    description:
      name: auto_size_text
      url: "https://pub.dartlang.org"
    source: hosted
    version: "3.0.0-nullsafety.0"
  awesome_notifications:
    dependency: "direct main"
    description:
      name: awesome_notifications
      url: "https://pub.dartlang.org"
    source: hosted
    version: "0.0.6+7"
  background_fetch:
    dependency: "direct main"
    description:
      name: background_fetch
      url: "https://pub.dartlang.org"
    source: hosted
    version: "1.0.0-nullsafety.2"
  battery_optimization:
    dependency: "direct main"
    description:
      path: "."
      ref: master
      resolved-ref: "8d193276320275d01e3cc8e9e328a465671154f0"
      url: "https://github.com/ChangJoo-Park/battery_optimization"
    source: git
    version: "0.0.0"
  boolean_selector:
    dependency: transitive
    description:
      name: boolean_selector
      url: "https://pub.dartlang.org"
    source: hosted
    version: "2.1.0"
  build:
    dependency: "direct overridden"
    description:
      name: build
      url: "https://pub.dartlang.org"
    source: hosted
    version: "2.0.0"
  build_config:
    dependency: transitive
    description:
      name: build_config
      url: "https://pub.dartlang.org"
    source: hosted
    version: "1.0.0"
  build_daemon:
    dependency: transitive
    description:
      name: build_daemon
      url: "https://pub.dartlang.org"
    source: hosted
    version: "3.0.0"
  build_resolvers:
    dependency: transitive
    description:
      name: build_resolvers
      url: "https://pub.dartlang.org"
    source: hosted
    version: "2.0.3"
  build_runner:
    dependency: "direct dev"
    description:
      name: build_runner
      url: "https://pub.dartlang.org"
    source: hosted
    version: "2.0.4"
  build_runner_core:
    dependency: transitive
    description:
      name: build_runner_core
      url: "https://pub.dartlang.org"
    source: hosted
    version: "7.0.0"
  built_collection:
    dependency: transitive
    description:
      name: built_collection
      url: "https://pub.dartlang.org"
    source: hosted
    version: "5.0.0"
  built_value:
    dependency: transitive
    description:
      name: built_value
      url: "https://pub.dartlang.org"
    source: hosted
    version: "8.0.6"
  calendar_time:
    dependency: "direct main"
    description:
      name: calendar_time
      url: "https://pub.dartlang.org"
    source: hosted
    version: "2.0.0-nullsafety.0"
  characters:
    dependency: transitive
    description:
      name: characters
      url: "https://pub.dartlang.org"
    source: hosted
    version: "1.1.0"
  charcode:
    dependency: transitive
    description:
      name: charcode
      url: "https://pub.dartlang.org"
    source: hosted
    version: "1.2.0"
  checked_yaml:
    dependency: transitive
    description:
      name: checked_yaml
      url: "https://pub.dartlang.org"
    source: hosted
    version: "2.0.1"
  cli_util:
    dependency: transitive
    description:
      name: cli_util
      url: "https://pub.dartlang.org"
    source: hosted
    version: "0.3.0"
  clock:
    dependency: transitive
    description:
      name: clock
      url: "https://pub.dartlang.org"
    source: hosted
    version: "1.1.0"
  code_builder:
    dependency: transitive
    description:
      name: code_builder
      url: "https://pub.dartlang.org"
    source: hosted
    version: "4.0.0"
  collection:
    dependency: transitive
    description:
      name: collection
      url: "https://pub.dartlang.org"
    source: hosted
    version: "1.15.0"
  connectivity_plus:
    dependency: "direct main"
    description:
      name: connectivity_plus
      url: "https://pub.dartlang.org"
    source: hosted
    version: "1.0.2"
  connectivity_plus_linux:
    dependency: transitive
    description:
      name: connectivity_plus_linux
      url: "https://pub.dartlang.org"
    source: hosted
    version: "1.0.3"
  connectivity_plus_macos:
    dependency: transitive
    description:
      name: connectivity_plus_macos
      url: "https://pub.dartlang.org"
    source: hosted
    version: "1.0.2"
  connectivity_plus_platform_interface:
    dependency: transitive
    description:
      name: connectivity_plus_platform_interface
      url: "https://pub.dartlang.org"
    source: hosted
    version: "1.0.2"
  connectivity_plus_web:
    dependency: transitive
    description:
      name: connectivity_plus_web
      url: "https://pub.dartlang.org"
    source: hosted
    version: "1.0.2"
  connectivity_plus_windows:
    dependency: transitive
    description:
      name: connectivity_plus_windows
      url: "https://pub.dartlang.org"
    source: hosted
    version: "1.0.2"
  convert:
    dependency: transitive
    description:
      name: convert
      url: "https://pub.dartlang.org"
    source: hosted
    version: "3.0.0"
  crypto:
    dependency: transitive
    description:
      name: crypto
      url: "https://pub.dartlang.org"
    source: hosted
    version: "3.0.1"
  csslib:
    dependency: transitive
    description:
      name: csslib
      url: "https://pub.dartlang.org"
    source: hosted
    version: "0.17.0"
  csv:
    dependency: "direct main"
    description:
      name: csv
      url: "https://pub.dartlang.org"
    source: hosted
    version: "5.0.0"
  dart_style:
    dependency: transitive
    description:
      name: dart_style
      url: "https://pub.dartlang.org"
    source: hosted
    version: "2.0.0"
  date_field:
    dependency: "direct main"
    description:
      name: date_field
      url: "https://pub.dartlang.org"
    source: hosted
    version: "2.0.1"
  dbus:
    dependency: transitive
    description:
      name: dbus
      url: "https://pub.dartlang.org"
    source: hosted
    version: "0.5.2"
  dependency_validator:
    dependency: "direct dev"
    description:
      name: dependency_validator
      url: "https://pub.dartlang.org"
    source: hosted
    version: "3.1.0"
  dotted_line:
    dependency: "direct main"
    description:
      name: dotted_line
      url: "https://pub.dartlang.org"
    source: hosted
    version: "3.0.0"
  encrypt:
    dependency: "direct main"
    description:
      name: encrypt
      url: "https://pub.dartlang.org"
    source: hosted
    version: "5.0.0"
  equatable:
    dependency: transitive
    description:
      name: equatable
      url: "https://pub.dartlang.org"
    source: hosted
    version: "2.0.0"
  expandable:
    dependency: "direct main"
    description:
      name: expandable
      url: "https://pub.dartlang.org"
    source: hosted
    version: "5.0.1"
  ext_storage:
    dependency: "direct main"
    description:
      path: "."
      ref: master
      resolved-ref: "98faf095ed6786a0bb0db26cb2f3966513f3f7aa"
      url: "https://github.com/GitJournal/ext_storage"
    source: git
    version: "1.0.3"
  fading_edge_scrollview:
    dependency: transitive
    description:
      name: fading_edge_scrollview
      url: "https://pub.dartlang.org"
    source: hosted
    version: "2.0.0"
  fake_async:
    dependency: transitive
    description:
      name: fake_async
      url: "https://pub.dartlang.org"
    source: hosted
    version: "1.2.0"
  ffi:
    dependency: transitive
    description:
      name: ffi
      url: "https://pub.dartlang.org"
    source: hosted
    version: "1.0.0"
  file:
    dependency: transitive
    description:
      name: file
      url: "https://pub.dartlang.org"
    source: hosted
    version: "6.1.0"
  fixnum:
    dependency: transitive
    description:
      name: fixnum
      url: "https://pub.dartlang.org"
    source: hosted
    version: "1.0.0"
  fl_chart:
    dependency: "direct main"
    description:
      name: fl_chart
      url: "https://pub.dartlang.org"
    source: hosted
    version: "0.35.0"
  flare_flutter:
    dependency: "direct main"
    description:
      name: flare_flutter
      url: "https://pub.dartlang.org"
    source: hosted
    version: "3.0.0"
  flutter:
    dependency: "direct main"
    description: flutter
    source: sdk
    version: "0.0.0"
  flutter_file_dialog:
    dependency: "direct main"
    description:
      name: flutter_file_dialog
      url: "https://pub.dartlang.org"
    source: hosted
    version: "2.0.0"
  flutter_inappwebview:
    dependency: "direct main"
    description:
      name: flutter_inappwebview
      url: "https://pub.dartlang.org"
    source: hosted
    version: "5.3.2"
  flutter_keyboard_visibility:
    dependency: transitive
    description:
      name: flutter_keyboard_visibility
      url: "https://pub.dartlang.org"
    source: hosted
    version: "5.0.1"
  flutter_keyboard_visibility_platform_interface:
    dependency: transitive
    description:
      name: flutter_keyboard_visibility_platform_interface
      url: "https://pub.dartlang.org"
    source: hosted
    version: "2.0.0"
  flutter_keyboard_visibility_web:
    dependency: transitive
    description:
      name: flutter_keyboard_visibility_web
      url: "https://pub.dartlang.org"
    source: hosted
    version: "2.0.0"
  flutter_localizations:
    dependency: "direct main"
    description: flutter
    source: sdk
    version: "0.0.0"
  flutter_markdown:
    dependency: "direct main"
    description:
      name: flutter_markdown
      url: "https://pub.dartlang.org"
    source: hosted
    version: "0.6.1"
  flutter_phoenix:
    dependency: "direct main"
    description:
      name: flutter_phoenix
      url: "https://pub.dartlang.org"
    source: hosted
    version: "1.0.0"
  flutter_responsive_breakpoints:
    dependency: "direct main"
    description:
      name: flutter_responsive_breakpoints
      url: "https://pub.dartlang.org"
    source: hosted
    version: "0.0.3"
  flutter_secure_storage:
    dependency: "direct main"
    description:
      path: flutter_secure_storage
      ref: develop
      resolved-ref: e059da25a93abdd4c703e13b680c1a7ee02eeed6
      url: "https://github.com/mogol/flutter_secure_storage"
    source: git
    version: "5.0.0-beta.4"
  flutter_secure_storage_linux:
    dependency: transitive
    description:
      name: flutter_secure_storage_linux
      url: "https://pub.dartlang.org"
    source: hosted
    version: "1.0.0"
  flutter_secure_storage_macos:
    dependency: transitive
    description:
      name: flutter_secure_storage_macos
      url: "https://pub.dartlang.org"
    source: hosted
    version: "1.0.0"
  flutter_secure_storage_platform_interface:
    dependency: transitive
    description:
      name: flutter_secure_storage_platform_interface
      url: "https://pub.dartlang.org"
    source: hosted
    version: "1.0.0"
  flutter_secure_storage_web:
    dependency: transitive
    description:
      name: flutter_secure_storage_web
      url: "https://pub.dartlang.org"
    source: hosted
    version: "1.0.2"
  flutter_secure_storage_windows:
    dependency: transitive
    description:
      name: flutter_secure_storage_windows
      url: "https://pub.dartlang.org"
    source: hosted
    version: "1.1.1"
  flutter_slidable:
    dependency: "direct main"
    description:
      name: flutter_slidable
      url: "https://pub.dartlang.org"
    source: hosted
    version: "0.6.0-nullsafety.0"
  flutter_spinkit:
    dependency: "direct main"
    description:
      name: flutter_spinkit
      url: "https://pub.dartlang.org"
    source: hosted
    version: "5.0.0"
  flutter_staggered_grid_view:
    dependency: "direct main"
    description:
      name: flutter_staggered_grid_view
      url: "https://pub.dartlang.org"
    source: hosted
    version: "0.4.0"
  flutter_switch:
    dependency: transitive
    description:
      name: flutter_switch
      url: "https://pub.dartlang.org"
    source: hosted
    version: "0.3.2"
  flutter_test:
    dependency: "direct dev"
    description: flutter
    source: sdk
    version: "0.0.0"
  flutter_tex:
    dependency: "direct main"
    description:
      name: flutter_tex
      url: "https://pub.dartlang.org"
    source: hosted
    version: "4.0.1"
  flutter_typeahead:
    dependency: "direct main"
    description:
      name: flutter_typeahead
      url: "https://pub.dartlang.org"
    source: hosted
    version: "3.1.3"
  flutter_web_plugins:
    dependency: transitive
    description: flutter
    source: sdk
    version: "0.0.0"
  flutter_widget_from_html_core:
    dependency: "direct main"
    description:
      name: flutter_widget_from_html_core
      url: "https://pub.dartlang.org"
    source: hosted
    version: "0.6.0-rc.2021031201"
  font_awesome_flutter:
    dependency: "direct main"
    description:
      name: font_awesome_flutter
      url: "https://pub.dartlang.org"
    source: hosted
    version: "9.1.0"
  frontend_server_client:
    dependency: transitive
    description:
      name: frontend_server_client
      url: "https://pub.dartlang.org"
    source: hosted
    version: "2.1.0"
  geolocator:
    dependency: "direct main"
    description:
      name: geolocator
      url: "https://pub.dartlang.org"
    source: hosted
    version: "7.0.3"
  geolocator_platform_interface:
    dependency: transitive
    description:
      name: geolocator_platform_interface
      url: "https://pub.dartlang.org"
    source: hosted
    version: "2.0.2"
  geolocator_web:
    dependency: transitive
    description:
      name: geolocator_web
      url: "https://pub.dartlang.org"
    source: hosted
    version: "2.0.3"
  get_it:
    dependency: transitive
    description:
      name: get_it
      url: "https://pub.dartlang.org"
    source: hosted
    version: "6.0.0"
  glob:
    dependency: transitive
    description:
      name: glob
      url: "https://pub.dartlang.org"
    source: hosted
    version: "2.0.1"
  gotrue:
    dependency: transitive
    description:
      name: gotrue
      url: "https://pub.dartlang.org"
    source: hosted
    version: "0.0.7"
  graphs:
    dependency: transitive
    description:
      name: graphs
      url: "https://pub.dartlang.org"
    source: hosted
    version: "2.0.0"
  hex:
    dependency: transitive
    description:
      name: hex
      url: "https://pub.dartlang.org"
    source: hosted
    version: "0.2.0"
  hive:
    dependency: "direct main"
    description:
      name: hive
      url: "https://pub.dartlang.org"
    source: hosted
    version: "2.0.2"
  hive_flutter:
    dependency: "direct main"
    description:
      name: hive_flutter
      url: "https://pub.dartlang.org"
    source: hosted
    version: "1.0.0"
  hive_generator:
    dependency: "direct dev"
    description:
      name: hive_generator
      url: "https://pub.dartlang.org"
    source: hosted
    version: "1.0.1"
  html:
    dependency: transitive
    description:
      name: html
      url: "https://pub.dartlang.org"
    source: hosted
    version: "0.15.0"
  html_character_entities:
    dependency: "direct main"
    description:
      name: html_character_entities
      url: "https://pub.dartlang.org"
    source: hosted
    version: "1.0.0+1"
  html_editor_enhanced:
    dependency: "direct main"
    description:
      name: html_editor_enhanced
      url: "https://pub.dartlang.org"
    source: hosted
    version: "1.8.0"
  http:
    dependency: "direct main"
    description:
      name: http
      url: "https://pub.dartlang.org"
    source: hosted
    version: "0.13.3"
  http_multi_server:
    dependency: transitive
    description:
      name: http_multi_server
      url: "https://pub.dartlang.org"
    source: hosted
    version: "3.0.1"
  http_parser:
    dependency: transitive
    description:
      name: http_parser
      url: "https://pub.dartlang.org"
    source: hosted
    version: "4.0.0"
  intl:
    dependency: "direct main"
    description:
      name: intl
      url: "https://pub.dartlang.org"
    source: hosted
    version: "0.17.0"
  io:
    dependency: transitive
    description:
      name: io
      url: "https://pub.dartlang.org"
    source: hosted
    version: "1.0.0"
  js:
    dependency: transitive
    description:
      name: js
      url: "https://pub.dartlang.org"
    source: hosted
    version: "0.6.3"
  json_annotation:
    dependency: "direct main"
    description:
      name: json_annotation
      url: "https://pub.dartlang.org"
    source: hosted
    version: "4.0.1"
  json_serializable:
    dependency: "direct dev"
    description:
      name: json_serializable
      url: "https://pub.dartlang.org"
    source: hosted
    version: "4.1.3"
  jwt_decode:
    dependency: transitive
    description:
      name: jwt_decode
      url: "https://pub.dartlang.org"
    source: hosted
    version: "0.3.1"
  liquid_progress_indicator_ns:
    dependency: "direct main"
    description:
      name: liquid_progress_indicator_ns
      url: "https://pub.dartlang.org"
    source: hosted
    version: "1.0.0"
  logger:
    dependency: "direct main"
    description:
      name: logger
      url: "https://pub.dartlang.org"
    source: hosted
    version: "1.0.0"
  logging:
    dependency: transitive
    description:
      name: logging
      url: "https://pub.dartlang.org"
    source: hosted
    version: "1.0.1"
  markdown:
    dependency: "direct overridden"
    description:
      name: markdown
      url: "https://pub.dartlang.org"
    source: hosted
    version: "4.0.0"
  marquee:
    dependency: "direct main"
    description:
      name: marquee
      url: "https://pub.dartlang.org"
    source: hosted
    version: "2.0.0"
  matcher:
    dependency: transitive
    description:
      name: matcher
      url: "https://pub.dartlang.org"
    source: hosted
    version: "0.12.10"
  material_design_icons_flutter:
    dependency: "direct main"
    description:
      name: material_design_icons_flutter
      url: "https://pub.dartlang.org"
    source: hosted
    version: "5.0.5955-rc.1"
  meta:
    dependency: transitive
    description:
      name: meta
      url: "https://pub.dartlang.org"
    source: hosted
    version: "1.3.0"
  mime:
    dependency: "direct overridden"
    description:
      name: mime
      url: "https://pub.dartlang.org"
    source: hosted
    version: "1.0.0"
  nested:
    dependency: transitive
    description:
      name: nested
      url: "https://pub.dartlang.org"
    source: hosted
    version: "1.0.0"
  open_file:
    dependency: "direct main"
    description:
      name: open_file
      url: "https://pub.dartlang.org"
    source: hosted
    version: "3.1.0"
  package_config:
    dependency: transitive
    description:
      name: package_config
      url: "https://pub.dartlang.org"
    source: hosted
    version: "2.0.0"
  package_info:
    dependency: "direct main"
    description:
      name: package_info
      url: "https://pub.dartlang.org"
    source: hosted
    version: "2.0.0"
  path:
    dependency: transitive
    description:
      name: path
      url: "https://pub.dartlang.org"
    source: hosted
    version: "1.8.0"
  path_provider:
    dependency: "direct main"
    description:
      name: path_provider
      url: "https://pub.dartlang.org"
    source: hosted
    version: "2.0.1"
  path_provider_linux:
    dependency: transitive
    description:
      name: path_provider_linux
      url: "https://pub.dartlang.org"
    source: hosted
    version: "2.0.0"
  path_provider_macos:
    dependency: transitive
    description:
      name: path_provider_macos
      url: "https://pub.dartlang.org"
    source: hosted
    version: "2.0.0"
  path_provider_platform_interface:
    dependency: transitive
    description:
      name: path_provider_platform_interface
      url: "https://pub.dartlang.org"
    source: hosted
    version: "2.0.1"
  path_provider_windows:
    dependency: transitive
    description:
      name: path_provider_windows
      url: "https://pub.dartlang.org"
    source: hosted
    version: "2.0.0"
  pedantic:
    dependency: transitive
    description:
      name: pedantic
      url: "https://pub.dartlang.org"
    source: hosted
    version: "1.11.0"
  permission_handler:
    dependency: "direct main"
    description:
      name: permission_handler
      url: "https://pub.dartlang.org"
    source: hosted
    version: "6.1.1"
  permission_handler_platform_interface:
    dependency: transitive
    description:
      name: permission_handler_platform_interface
      url: "https://pub.dartlang.org"
    source: hosted
    version: "3.1.1"
  petitparser:
    dependency: transitive
    description:
      name: petitparser
      url: "https://pub.dartlang.org"
    source: hosted
    version: "4.1.0"
  pin_code_fields:
    dependency: "direct main"
    description:
      name: pin_code_fields
      url: "https://pub.dartlang.org"
    source: hosted
    version: "7.2.0"
  platform:
    dependency: transitive
    description:
      name: platform
      url: "https://pub.dartlang.org"
    source: hosted
    version: "3.0.0"
  plugin_platform_interface:
    dependency: transitive
    description:
      name: plugin_platform_interface
      url: "https://pub.dartlang.org"
    source: hosted
    version: "2.0.1"
  pointycastle:
    dependency: "direct main"
    description:
      name: pointycastle
      url: "https://pub.dartlang.org"
    source: hosted
    version: "3.0.1"
  pool:
    dependency: transitive
    description:
      name: pool
      url: "https://pub.dartlang.org"
    source: hosted
    version: "1.5.0"
  postgrest:
    dependency: transitive
    description:
      name: postgrest
      url: "https://pub.dartlang.org"
    source: hosted
    version: "0.1.4"
  preload_page_view:
    dependency: "direct main"
    description:
      name: preload_page_view
      url: "https://pub.dartlang.org"
    source: hosted
    version: "0.1.6"
  process:
    dependency: transitive
    description:
      name: process
      url: "https://pub.dartlang.org"
    source: hosted
    version: "4.2.1"
  provider:
    dependency: "direct main"
    description:
      name: provider
      url: "https://pub.dartlang.org"
    source: hosted
    version: "5.0.0"
  pub_semver:
    dependency: transitive
    description:
      name: pub_semver
      url: "https://pub.dartlang.org"
    source: hosted
    version: "2.0.0"
  pubspec_parse:
    dependency: transitive
    description:
      name: pubspec_parse
      url: "https://pub.dartlang.org"
    source: hosted
    version: "1.0.0"
  qr_code_scanner:
    dependency: "direct main"
    description:
      name: qr_code_scanner
      url: "https://pub.dartlang.org"
    source: hosted
    version: "0.5.1"
  realtime_client:
    dependency: transitive
    description:
      name: realtime_client
      url: "https://pub.dartlang.org"
    source: hosted
    version: "0.1.4"
  requests:
    dependency: "direct main"
    description:
      path: "."
      ref: "feature/null-safety"
      resolved-ref: e32da17be9a42ec272e4a63971269c48b3362fd1
      url: "https://github.com/ianmaciel/requests"
    source: git
    version: "4.0.0-nullsafety.0"
  rive:
    dependency: "direct main"
    description:
      name: rive
      url: "https://pub.dartlang.org"
    source: hosted
    version: "0.7.18"
  settings_ui:
    dependency: "direct main"
    description:
      path: "."
      ref: master
      resolved-ref: f9d0639494f591cad9fc77783b052b56d29e9dcf
      url: "https://github.com/EduWireApps/flutter-settings-ui"
    source: git
    version: "1.0.0-nullsafety.2"
  share:
    dependency: "direct main"
    description:
      name: share
      url: "https://pub.dartlang.org"
    source: hosted
    version: "2.0.1"
  shared_preferences:
    dependency: "direct main"
    description:
      name: shared_preferences
      url: "https://pub.dartlang.org"
    source: hosted
    version: "2.0.5"
  shared_preferences_linux:
    dependency: transitive
    description:
      name: shared_preferences_linux
      url: "https://pub.dartlang.org"
    source: hosted
    version: "2.0.0"
  shared_preferences_macos:
    dependency: transitive
    description:
      name: shared_preferences_macos
      url: "https://pub.dartlang.org"
    source: hosted
    version: "2.0.0"
  shared_preferences_platform_interface:
    dependency: transitive
    description:
      name: shared_preferences_platform_interface
      url: "https://pub.dartlang.org"
    source: hosted
    version: "2.0.0"
  shared_preferences_web:
    dependency: transitive
    description:
      name: shared_preferences_web
      url: "https://pub.dartlang.org"
    source: hosted
    version: "2.0.0"
  shared_preferences_windows:
    dependency: transitive
    description:
      name: shared_preferences_windows
      url: "https://pub.dartlang.org"
    source: hosted
    version: "2.0.0"
  shelf:
    dependency: transitive
    description:
      name: shelf
      url: "https://pub.dartlang.org"
    source: hosted
    version: "1.1.0"
  shelf_web_socket:
    dependency: transitive
    description:
      name: shelf_web_socket
      url: "https://pub.dartlang.org"
    source: hosted
    version: "1.0.1"
  shimmer:
    dependency: "direct main"
    description:
      name: shimmer
      url: "https://pub.dartlang.org"
    source: hosted
    version: "2.0.0-nullsafety.0"
  simple_animations:
    dependency: "direct main"
    description:
      path: "."
      ref: nullsafety3
      resolved-ref: "648b114beb8a881bdc97a691f36088524b27b875"
      url: "https://github.com/felixblaschke/simple_animations"
    source: git
    version: "3.0.0-nullsafety.5"
  sizer:
    dependency: "direct main"
    description:
      name: sizer
      url: "https://pub.dartlang.org"
    source: hosted
    version: "2.0.13"
  sky_engine:
    dependency: transitive
    description: flutter
    source: sdk
    version: "0.0.99"
  sliding_up_panel:
    dependency: "direct main"
    description:
      name: sliding_up_panel
      url: "https://pub.dartlang.org"
    source: hosted
    version: "2.0.0+1"
  smooth_page_indicator:
    dependency: "direct main"
    description:
      name: smooth_page_indicator
      url: "https://pub.dartlang.org"
    source: hosted
    version: "0.3.0-nullsafety.0"
  source_gen:
    dependency: transitive
    description:
      name: source_gen
      url: "https://pub.dartlang.org"
    source: hosted
    version: "1.0.0"
  source_span:
    dependency: transitive
    description:
      name: source_span
      url: "https://pub.dartlang.org"
    source: hosted
    version: "1.8.1"
  stack:
    dependency: "direct main"
    description:
      name: stack
      url: "https://pub.dartlang.org"
    source: hosted
    version: "0.2.1"
  stack_trace:
    dependency: transitive
    description:
      name: stack_trace
      url: "https://pub.dartlang.org"
    source: hosted
    version: "1.10.0"
  stacked:
    dependency: "direct main"
    description:
      name: stacked
      url: "https://pub.dartlang.org"
    source: hosted
    version: "2.0.2"
  storage_client:
    dependency: transitive
    description:
      name: storage_client
      url: "https://pub.dartlang.org"
    source: hosted
    version: "0.0.3"
  stream_channel:
    dependency: transitive
    description:
      name: stream_channel
      url: "https://pub.dartlang.org"
    source: hosted
    version: "2.1.0"
  stream_transform:
    dependency: transitive
    description:
      name: stream_transform
      url: "https://pub.dartlang.org"
    source: hosted
    version: "2.0.0"
  string_scanner:
    dependency: transitive
    description:
      name: string_scanner
      url: "https://pub.dartlang.org"
    source: hosted
    version: "1.1.0"
  supabase:
    dependency: "direct main"
    description:
      name: supabase
      url: "https://pub.dartlang.org"
    source: hosted
    version: "0.0.4"
  supercharged:
    dependency: "direct main"
    description:
      name: supercharged
      url: "https://pub.dartlang.org"
    source: hosted
    version: "2.0.0"
  supercharged_dart:
    dependency: transitive
    description:
      name: supercharged_dart
      url: "https://pub.dartlang.org"
    source: hosted
    version: "2.0.0"
  term_glyph:
    dependency: transitive
    description:
      name: term_glyph
      url: "https://pub.dartlang.org"
    source: hosted
    version: "1.2.0"
  test_api:
    dependency: transitive
    description:
      name: test_api
      url: "https://pub.dartlang.org"
    source: hosted
    version: "0.3.0"
  timing:
    dependency: transitive
    description:
      name: timing
      url: "https://pub.dartlang.org"
    source: hosted
    version: "1.0.0"
  tinycolor:
    dependency: "direct main"
    description:
      path: "."
      ref: master
      resolved-ref: "8c302ef477b56747252b2c876ca6c7ad9d8b841b"
      url: "https://github.com/lslv1243/tinycolor"
    source: git
    version: "1.0.3"
  typed_data:
    dependency: transitive
    description:
      name: typed_data
      url: "https://pub.dartlang.org"
    source: hosted
    version: "1.3.0"
  universal_io:
    dependency: transitive
    description:
      name: universal_io
      url: "https://pub.dartlang.org"
    source: hosted
    version: "2.0.4"
  url_launcher:
    dependency: "direct main"
    description:
      name: url_launcher
      url: "https://pub.dartlang.org"
    source: hosted
    version: "6.0.3"
  url_launcher_linux:
    dependency: transitive
    description:
      name: url_launcher_linux
      url: "https://pub.dartlang.org"
    source: hosted
    version: "2.0.0"
  url_launcher_macos:
    dependency: transitive
    description:
      name: url_launcher_macos
      url: "https://pub.dartlang.org"
    source: hosted
    version: "2.0.0"
  url_launcher_platform_interface:
    dependency: transitive
    description:
      name: url_launcher_platform_interface
      url: "https://pub.dartlang.org"
    source: hosted
    version: "2.0.2"
  url_launcher_web:
    dependency: transitive
    description:
      name: url_launcher_web
      url: "https://pub.dartlang.org"
    source: hosted
    version: "2.0.0"
  url_launcher_windows:
    dependency: transitive
    description:
      name: url_launcher_windows
      url: "https://pub.dartlang.org"
    source: hosted
    version: "2.0.0"
  uuid:
    dependency: "direct main"
    description:
      name: uuid
      url: "https://pub.dartlang.org"
    source: hosted
    version: "3.0.3"
  vector_math:
    dependency: transitive
    description:
      name: vector_math
      url: "https://pub.dartlang.org"
    source: hosted
    version: "2.1.0"
  visibility_detector:
    dependency: transitive
    description:
      name: visibility_detector
      url: "https://pub.dartlang.org"
    source: hosted
    version: "0.2.0"
  watcher:
    dependency: transitive
    description:
      name: watcher
      url: "https://pub.dartlang.org"
    source: hosted
    version: "1.0.0"
  web_socket_channel:
    dependency: transitive
    description:
      name: web_socket_channel
      url: "https://pub.dartlang.org"
    source: hosted
    version: "2.0.0"
  webview_flutter:
    dependency: transitive
    description:
      name: webview_flutter
      url: "https://pub.dartlang.org"
    source: hosted
    version: "2.0.4"
  webview_flutter_plus:
    dependency: transitive
    description:
      name: webview_flutter_plus
      url: "https://pub.dartlang.org"
    source: hosted
    version: "0.2.1+1"
  win32:
    dependency: transitive
    description:
      name: win32
      url: "https://pub.dartlang.org"
    source: hosted
    version: "2.0.5"
  wiredash:
    dependency: "direct main"
    description:
      path: "."
      ref: stable
      resolved-ref: "9cb1afafdbd5b15d2e482e6d298476771b739db1"
      url: "https://github.com/wiredashio/wiredash-sdk"
    source: git
    version: "0.6.2"
  xdg_directories:
    dependency: transitive
    description:
      name: xdg_directories
      url: "https://pub.dartlang.org"
    source: hosted
    version: "0.2.0"
  xml:
    dependency: transitive
    description:
      name: xml
      url: "https://pub.dartlang.org"
    source: hosted
    version: "5.1.2"
  yaml:
    dependency: transitive
    description:
      name: yaml
      url: "https://pub.dartlang.org"
    source: hosted
    version: "3.1.0"
  ynotes_packages:
    dependency: "direct main"
    description:
      path: "."
      ref: main
      resolved-ref: "7a32f0528cc72ea7f947971fecfc0558d94f9c26"
      url: "https://github.com/EduWireApps/ynotes-packages"
    source: git
    version: "0.4.3"
sdks:
  dart: ">=2.12.0 <3.0.0"
  flutter: ">=2.0.4"
