PODS:
  - background_fetch (1.1.0):
    - Flutter
  - connectivity_plus (0.0.1):
    - Flutter
    - ReachabilitySwift
  - device_info_plus (0.0.1):
    - Flutter
  - audio_session (0.0.1):
    - Flutter
  - awesome_notifications (0.0.2):
    - Flutter
  - background_fetch (1.1.2):
    - Flutter
  - Flutter (1.0.0)
  - flutter_inappwebview (0.0.1):
    - Flutter
    - flutter_inappwebview/Core (= 0.0.1)
    - OrderedSet (~> 5.0)
  - flutter_inappwebview/Core (0.0.1):
    - Flutter
    - OrderedSet (~> 5.0)
  - flutter_local_notifications (0.0.1):
    - Flutter
  - flutter_secure_storage (6.0.0):
    - Flutter
<<<<<<< HEAD
  - geolocator_apple (1.2.0):
    - Flutter
  - isar_flutter_libs (1.0.0):
    - Flutter
=======
  - FMDB (2.7.5):
    - FMDB/standard (= 2.7.5)
  - FMDB/standard (2.7.5)
  - geolocator_apple (1.2.0):
    - Flutter
  - just_audio (0.0.1):
    - Flutter
>>>>>>> christmas-fix
  - MTBBarcodeScanner (5.0.11)
  - open_file (0.0.1):
    - Flutter
  - OrderedSet (5.0.0)
  - package_info_plus (0.4.5):
    - Flutter
  - path_provider_ios (0.0.1):
    - Flutter
  - permission_handler_apple (9.0.4):
    - Flutter
  - qr_code_scanner (0.2.0):
<<<<<<< HEAD
    - Flutter
    - MTBBarcodeScanner
  - ReachabilitySwift (5.0.0)
  - Shake (15.2.0)
  - shake_flutter (0.0.1):
    - Flutter
    - Shake (~> 15.2.0-rc)
  - url_launcher_ios (0.0.1):
    - Flutter

DEPENDENCIES:
  - background_fetch (from `.symlinks/plugins/background_fetch/ios`)
  - connectivity_plus (from `.symlinks/plugins/connectivity_plus/ios`)
  - device_info_plus (from `.symlinks/plugins/device_info_plus/ios`)
=======
    - Flutter
    - MTBBarcodeScanner
  - Reachability (3.2)
  - Shake (15.3.0)
  - shake_flutter (0.0.1):
    - Flutter
    - Shake (~> 15.3.0-rc)
  - share (0.0.1):
    - Flutter
  - shared_preferences_ios (0.0.1):
    - Flutter
  - sqflite (0.0.2):
    - Flutter
    - FMDB (>= 2.7.5)
  - url_launcher_ios (0.0.1):
    - Flutter
  - video_player_avfoundation (0.0.1):
    - Flutter
  - wakelock (0.0.1):
    - Flutter
  - webview_flutter_wkwebview (0.0.1):
    - Flutter

DEPENDENCIES:
  - audio_session (from `.symlinks/plugins/audio_session/ios`)
  - awesome_notifications (from `.symlinks/plugins/awesome_notifications/ios`)
  - background_fetch (from `.symlinks/plugins/background_fetch/ios`)
  - connectivity_plus (from `.symlinks/plugins/connectivity_plus/ios`)
>>>>>>> christmas-fix
  - Flutter (from `Flutter`)
  - flutter_inappwebview (from `.symlinks/plugins/flutter_inappwebview/ios`)
  - flutter_local_notifications (from `.symlinks/plugins/flutter_local_notifications/ios`)
  - flutter_secure_storage (from `.symlinks/plugins/flutter_secure_storage/ios`)
  - geolocator_apple (from `.symlinks/plugins/geolocator_apple/ios`)
<<<<<<< HEAD
  - isar_flutter_libs (from `.symlinks/plugins/isar_flutter_libs/ios`)
  - open_file (from `.symlinks/plugins/open_file/ios`)
  - package_info_plus (from `.symlinks/plugins/package_info_plus/ios`)
  - path_provider_ios (from `.symlinks/plugins/path_provider_ios/ios`)
  - permission_handler (from `.symlinks/plugins/permission_handler/ios`)
  - qr_code_scanner (from `.symlinks/plugins/qr_code_scanner/ios`)
  - Shake
  - shake_flutter (from `.symlinks/plugins/shake_flutter/ios`)
  - url_launcher_ios (from `.symlinks/plugins/url_launcher_ios/ios`)

SPEC REPOS:
  trunk:
    - MTBBarcodeScanner
    - OrderedSet
    - ReachabilitySwift
    - Shake

EXTERNAL SOURCES:
=======
  - just_audio (from `.symlinks/plugins/just_audio/ios`)
  - open_file (from `.symlinks/plugins/open_file/ios`)
  - package_info_plus (from `.symlinks/plugins/package_info_plus/ios`)
  - path_provider_ios (from `.symlinks/plugins/path_provider_ios/ios`)
  - permission_handler_apple (from `.symlinks/plugins/permission_handler_apple/ios`)
  - qr_code_scanner (from `.symlinks/plugins/qr_code_scanner/ios`)
  - shake_flutter (from `.symlinks/plugins/shake_flutter/ios`)
  - share (from `.symlinks/plugins/share/ios`)
  - shared_preferences_ios (from `.symlinks/plugins/shared_preferences_ios/ios`)
  - sqflite (from `.symlinks/plugins/sqflite/ios`)
  - url_launcher_ios (from `.symlinks/plugins/url_launcher_ios/ios`)
  - video_player_avfoundation (from `.symlinks/plugins/video_player_avfoundation/ios`)
  - wakelock (from `.symlinks/plugins/wakelock/ios`)
  - webview_flutter_wkwebview (from `.symlinks/plugins/webview_flutter_wkwebview/ios`)

SPEC REPOS:
  trunk:
    - FMDB
    - MTBBarcodeScanner
    - OrderedSet
    - Reachability
    - Shake

EXTERNAL SOURCES:
  audio_session:
    :path: ".symlinks/plugins/audio_session/ios"
  awesome_notifications:
    :path: ".symlinks/plugins/awesome_notifications/ios"
>>>>>>> christmas-fix
  background_fetch:
    :path: ".symlinks/plugins/background_fetch/ios"
  connectivity_plus:
    :path: ".symlinks/plugins/connectivity_plus/ios"
<<<<<<< HEAD
  device_info_plus:
    :path: ".symlinks/plugins/device_info_plus/ios"
=======
>>>>>>> christmas-fix
  Flutter:
    :path: Flutter
  flutter_inappwebview:
    :path: ".symlinks/plugins/flutter_inappwebview/ios"
  flutter_local_notifications:
    :path: ".symlinks/plugins/flutter_local_notifications/ios"
  flutter_secure_storage:
    :path: ".symlinks/plugins/flutter_secure_storage/ios"
  geolocator_apple:
    :path: ".symlinks/plugins/geolocator_apple/ios"
<<<<<<< HEAD
  isar_flutter_libs:
    :path: ".symlinks/plugins/isar_flutter_libs/ios"
=======
  just_audio:
    :path: ".symlinks/plugins/just_audio/ios"
>>>>>>> christmas-fix
  open_file:
    :path: ".symlinks/plugins/open_file/ios"
  package_info_plus:
    :path: ".symlinks/plugins/package_info_plus/ios"
  path_provider_ios:
    :path: ".symlinks/plugins/path_provider_ios/ios"
<<<<<<< HEAD
  permission_handler:
    :path: ".symlinks/plugins/permission_handler/ios"
=======
  permission_handler_apple:
    :path: ".symlinks/plugins/permission_handler_apple/ios"
>>>>>>> christmas-fix
  qr_code_scanner:
    :path: ".symlinks/plugins/qr_code_scanner/ios"
  shake_flutter:
    :path: ".symlinks/plugins/shake_flutter/ios"
<<<<<<< HEAD
  url_launcher_ios:
    :path: ".symlinks/plugins/url_launcher_ios/ios"

SPEC CHECKSUMS:
  background_fetch: 3795af8a49054dc526477cc2f60d2ed41de60587
  connectivity_plus: 413a8857dd5d9f1c399a39130850d02fe0feaf7e
  device_info_plus: e5c5da33f982a436e103237c0c85f9031142abed
  Flutter: 50d75fe2f02b26cc09d224853bb45737f8b3214a
  flutter_inappwebview: bfd58618f49dc62f2676de690fc6dcda1d6c3721
  flutter_local_notifications: 0c0b1ae97e741e1521e4c1629a459d04b9aec743
  flutter_secure_storage: 7953c38a04c3fdbb00571bcd87d8e3b5ceb9daec
  geolocator_apple: cc556e6844d508c95df1e87e3ea6fa4e58c50401
  isar_flutter_libs: 5a34aebdd82e388db81dad8dd26786a642bb5b90
=======
  share:
    :path: ".symlinks/plugins/share/ios"
  shared_preferences_ios:
    :path: ".symlinks/plugins/shared_preferences_ios/ios"
  sqflite:
    :path: ".symlinks/plugins/sqflite/ios"
  url_launcher_ios:
    :path: ".symlinks/plugins/url_launcher_ios/ios"
  video_player_avfoundation:
    :path: ".symlinks/plugins/video_player_avfoundation/ios"
  wakelock:
    :path: ".symlinks/plugins/wakelock/ios"
  webview_flutter_wkwebview:
    :path: ".symlinks/plugins/webview_flutter_wkwebview/ios"

SPEC CHECKSUMS:
  audio_session: 4f3e461722055d21515cf3261b64c973c062f345
  awesome_notifications: 74462bc8e68b11f8235d78422266886759e9da61
  background_fetch: aaf8fc9d1da7f04e5373aabd4bb239704a5be6eb
  connectivity_plus: 5f0eb61093bec56935f21a1699dd2758bc895587
  Flutter: f04841e97a9d0b0a8025694d0796dd46242b2854
  flutter_file_dialog: 4c014a45b105709a27391e266c277d7e588e9299
  flutter_inappwebview: bfd58618f49dc62f2676de690fc6dcda1d6c3721
  flutter_keyboard_visibility: 0339d06371254c3eb25eeb90ba8d17dca8f9c069
  flutter_secure_storage: 23fc622d89d073675f2eaa109381aefbcf5a49be
  FMDB: 2ce00b547f966261cd18927a3ddb07cb6f3db82a
  geolocator_apple: b741765c55dc21950e3e106e8b3584e55cf81ce5
  just_audio: baa7252489dbcf47a4c7cc9ca663e9661c99aafa
>>>>>>> christmas-fix
  MTBBarcodeScanner: f453b33c4b7dfe545d8c6484ed744d55671788cb
  open_file: 02eb5cb6b21264bd3a696876f5afbfb7ca4f4b7d
  OrderedSet: aaeb196f7fef5a9edf55d89760da9176ad40b93c
  package_info_plus: 6c92f08e1f853dc01228d6f553146438dafcd14e
  path_provider_ios: 14f3d2fd28c4fdb42f44e0f751d12861c43cee02
<<<<<<< HEAD
  permission_handler: ccb20a9fad0ee9b1314a52b70b76b473c5f8dab0
  qr_code_scanner: bb67d64904c3b9658ada8c402e8b4d406d5d796e
  ReachabilitySwift: 985039c6f7b23a1da463388634119492ff86c825
  Shake: bee1ae1ce17a4f2b51ab1494fa4d4b26927d4a3d
  shake_flutter: 420b7598df645c61d6b376a96766729b08d8af12
  url_launcher_ios: 839c58cdb4279282219f5e248c3321761ff3c4de

PODFILE CHECKSUM: 431cb73f008edfa45bb8d269037e1e5a15a8595a
=======
  permission_handler_apple: 44366e37eaf29454a1e7b1b7d736c2cceaeb17ce
  qr_code_scanner: bb67d64904c3b9658ada8c402e8b4d406d5d796e
  Reachability: 33e18b67625424e47b6cde6d202dce689ad7af96
  Shake: 08e8dfbdc22838dee8784ab8382f3a58c2516f8d
  shake_flutter: e1880034ba1f4280fbad557270e7b93f72ce9887
  share: 0b2c3e82132f5888bccca3351c504d0003b3b410
  shared_preferences_ios: 548a61f8053b9b8a49ac19c1ffbc8b92c50d68ad
  sqflite: 6d358c025f5b867b29ed92fc697fd34924e11904
  url_launcher_ios: 839c58cdb4279282219f5e248c3321761ff3c4de
  video_player_avfoundation: e489aac24ef5cf7af82702979ed16f2a5ef84cff
  wakelock: d0fc7c864128eac40eba1617cb5264d9c940b46f
  webview_flutter_wkwebview: b7e70ef1ddded7e69c796c7390ee74180182971f

PODFILE CHECKSUM: e41136920939a4c22a9659cd034e27bbc528a5ee
>>>>>>> christmas-fix

COCOAPODS: 1.11.2
